
Microsoft Visual Studio Solution File, Format Version 12.00
Project("{2150E333-8FDC-42A3-9474-1A3956D46DE8}") = "src", "src", "{158CC89D-1C1D-42D0-93E9-1E1FAF55C9AE}"
EndProject
Project("{2150E333-8FDC-42A3-9474-1A3956D46DE8}") = "test", "test", "{FA1D739E-1558-468B-9E4B-EDFED163741C}"
EndProject
Project("{2150E333-8FDC-42A3-9474-1A3956D46DE8}") = "UI", "UI", "{FBDE7F92-D847-4084-A2F2-9D5EA1C68F30}"
EndProject
Project("{2150E333-8FDC-42A3-9474-1A3956D46DE8}") = "Core", "Core", "{426A150E-3D3E-4F3E-89C2-2A918DB66B8D}"
EndProject
Project("{2150E333-8FDC-42A3-9474-1A3956D46DE8}") = "Infrastructure", "Infrastructure", "{82CBF9E9-54A4-4475-AEC9-BDF89A0764BB}"
EndProject
Project("{2150E333-8FDC-42A3-9474-1A3956D46DE8}") = "API", "API", "{1E7AF20E-0899-49F7-A08F-3E7525D941EF}"
EndProject
Project("{FAE04EC0-301F-11D3-BF4B-00C04F79EFBC}") = "HR.LeaveManagement.Domain", "src\Core\HR.LeaveManagement.Domain\HR.LeaveManagement.Domain.csproj", "{435C5F1A-33ED-4FDE-A200-D0F55DBFB770}"
EndProject
Project("{FAE04EC0-301F-11D3-BF4B-00C04F79EFBC}") = "HR.LeaveManagement.Application", "src\Core\HR.LeaveManagement.Application\HR.LeaveManagement.Application.csproj", "{D519E6A8-9B27-44B8-9A62-2F84D1993593}"
EndProject
Project("{FAE04EC0-301F-11D3-BF4B-00C04F79EFBC}") = "HR.LeaveManagement.Persistence", "src\Infrastructure\HR.LeaveManagement.Persistence\HR.LeaveManagement.Persistence.csproj", "{AB685103-E215-4C6A-958B-13E1303AB47E}"
EndProject
Project("{FAE04EC0-301F-11D3-BF4B-00C04F79EFBC}") = "HR.LeaveManagement.Infrastructure", "src\Infrastructure\HR.LeaveManagement.Infrastructure\HR.LeaveManagement.Infrastructure.csproj", "{706C5112-BBD6-4837-AD4E-3131A1D3245B}"
EndProject
Project("{FAE04EC0-301F-11D3-BF4B-00C04F79EFBC}") = "HR.LeaveManagement.Api", "src\API\HR.LeaveManagement.Api\HR.LeaveManagement.Api.csproj", "{08D97DDC-E6A0-4A67-B595-FA42FF80B801}"
EndProject
Project("{FAE04EC0-301F-11D3-BF4B-00C04F79EFBC}") = "HR.LeaveManagement.Application.UnitTests", "test\HR.LeaveManagement.Application.UnitTests\HR.LeaveManagement.Application.UnitTests.csproj", "{3EDBAA34-B1A5-483B-9BC8-C53F6CC623C3}"
EndProject
Global
	GlobalSection(SolutionConfigurationPlatforms) = preSolution
		Debug|Any CPU = Debug|Any CPU
		Release|Any CPU = Release|Any CPU
	EndGlobalSection
	GlobalSection(NestedProjects) = preSolution
		{FBDE7F92-D847-4084-A2F2-9D5EA1C68F30} = {158CC89D-1C1D-42D0-93E9-1E1FAF55C9AE}
		{426A150E-3D3E-4F3E-89C2-2A918DB66B8D} = {158CC89D-1C1D-42D0-93E9-1E1FAF55C9AE}
		{82CBF9E9-54A4-4475-AEC9-BDF89A0764BB} = {158CC89D-1C1D-42D0-93E9-1E1FAF55C9AE}
		{1E7AF20E-0899-49F7-A08F-3E7525D941EF} = {158CC89D-1C1D-42D0-93E9-1E1FAF55C9AE}
		{435C5F1A-33ED-4FDE-A200-D0F55DBFB770} = {426A150E-3D3E-4F3E-89C2-2A918DB66B8D}
		{D519E6A8-9B27-44B8-9A62-2F84D1993593} = {426A150E-3D3E-4F3E-89C2-2A918DB66B8D}
		{AB685103-E215-4C6A-958B-13E1303AB47E} = {82CBF9E9-54A4-4475-AEC9-BDF89A0764BB}
		{706C5112-BBD6-4837-AD4E-3131A1D3245B} = {82CBF9E9-54A4-4475-AEC9-BDF89A0764BB}
		{08D97DDC-E6A0-4A67-B595-FA42FF80B801} = {1E7AF20E-0899-49F7-A08F-3E7525D941EF}
		{3EDBAA34-B1A5-483B-9BC8-C53F6CC623C3} = {FA1D739E-1558-468B-9E4B-EDFED163741C}
	EndGlobalSection
	GlobalSection(ProjectConfigurationPlatforms) = postSolution
		{435C5F1A-33ED-4FDE-A200-D0F55DBFB770}.Debug|Any CPU.ActiveCfg = Debug|Any CPU
		{435C5F1A-33ED-4FDE-A200-D0F55DBFB770}.Debug|Any CPU.Build.0 = Debug|Any CPU
		{435C5F1A-33ED-4FDE-A200-D0F55DBFB770}.Release|Any CPU.ActiveCfg = Release|Any CPU
		{435C5F1A-33ED-4FDE-A200-D0F55DBFB770}.Release|Any CPU.Build.0 = Release|Any CPU
		{D519E6A8-9B27-44B8-9A62-2F84D1993593}.Debug|Any CPU.ActiveCfg = Debug|Any CPU
		{D519E6A8-9B27-44B8-9A62-2F84D1993593}.Debug|Any CPU.Build.0 = Debug|Any CPU
		{D519E6A8-9B27-44B8-9A62-2F84D1993593}.Release|Any CPU.ActiveCfg = Release|Any CPU
		{D519E6A8-9B27-44B8-9A62-2F84D1993593}.Release|Any CPU.Build.0 = Release|Any CPU
		{AB685103-E215-4C6A-958B-13E1303AB47E}.Debug|Any CPU.ActiveCfg = Debug|Any CPU
		{AB685103-E215-4C6A-958B-13E1303AB47E}.Debug|Any CPU.Build.0 = Debug|Any CPU
		{AB685103-E215-4C6A-958B-13E1303AB47E}.Release|Any CPU.ActiveCfg = Release|Any CPU
		{AB685103-E215-4C6A-958B-13E1303AB47E}.Release|Any CPU.Build.0 = Release|Any CPU
		{706C5112-BBD6-4837-AD4E-3131A1D3245B}.Debug|Any CPU.ActiveCfg = Debug|Any CPU
		{706C5112-BBD6-4837-AD4E-3131A1D3245B}.Debug|Any CPU.Build.0 = Debug|Any CPU
		{706C5112-BBD6-4837-AD4E-3131A1D3245B}.Release|Any CPU.ActiveCfg = Release|Any CPU
		{706C5112-BBD6-4837-AD4E-3131A1D3245B}.Release|Any CPU.Build.0 = Release|Any CPU
		{08D97DDC-E6A0-4A67-B595-FA42FF80B801}.Debug|Any CPU.ActiveCfg = Debug|Any CPU
		{08D97DDC-E6A0-4A67-B595-FA42FF80B801}.Debug|Any CPU.Build.0 = Debug|Any CPU
		{08D97DDC-E6A0-4A67-B595-FA42FF80B801}.Release|Any CPU.ActiveCfg = Release|Any CPU
		{08D97DDC-E6A0-4A67-B595-FA42FF80B801}.Release|Any CPU.Build.0 = Release|Any CPU
		{3EDBAA34-B1A5-483B-9BC8-C53F6CC623C3}.Debug|Any CPU.ActiveCfg = Debug|Any CPU
		{3EDBAA34-B1A5-483B-9BC8-C53F6CC623C3}.Debug|Any CPU.Build.0 = Debug|Any CPU
		{3EDBAA34-B1A5-483B-9BC8-C53F6CC623C3}.Release|Any CPU.ActiveCfg = Release|Any CPU
		{3EDBAA34-B1A5-483B-9BC8-C53F6CC623C3}.Release|Any CPU.Build.0 = Release|Any CPU
	EndGlobalSection
EndGlobal
