
Microsoft Visual Studio Solution File, Format Version 12.00
Project("{2150E333-8FDC-42A3-9474-1A3956D46DE8}") = "src", "src", "{158CC89D-1C1D-42D0-93E9-1E1FAF55C9AE}"
EndProject
Project("{2150E333-8FDC-42A3-9474-1A3956D46DE8}") = "test", "test", "{FA1D739E-1558-468B-9E4B-EDFED163741C}"
EndProject
Project("{2150E333-8FDC-42A3-9474-1A3956D46DE8}") = "UI", "UI", "{FBDE7F92-D847-4084-A2F2-9D5EA1C68F30}"
EndProject
Project("{2150E333-8FDC-42A3-9474-1A3956D46DE8}") = "Core", "Core", "{426A150E-3D3E-4F3E-89C2-2A918DB66B8D}"
EndProject
Project("{2150E333-8FDC-42A3-9474-1A3956D46DE8}") = "Infrastructure", "Infrastructure", "{82CBF9E9-54A4-4475-AEC9-BDF89A0764BB}"
EndProject
Project("{2150E333-8FDC-42A3-9474-1A3956D46DE8}") = "API", "API", "{1E7AF20E-0899-49F7-A08F-3E7525D941EF}"
EndProject
Global
	GlobalSection(SolutionConfigurationPlatforms) = preSolution
		Debug|Any CPU = Debug|Any CPU
		Release|Any CPU = Release|Any CPU
	EndGlobalSection
	GlobalSection(NestedProjects) = preSolution
		{FBDE7F92-D847-4084-A2F2-9D5EA1C68F30} = {158CC89D-1C1D-42D0-93E9-1E1FAF55C9AE}
		{426A150E-3D3E-4F3E-89C2-2A918DB66B8D} = {158CC89D-1C1D-42D0-93E9-1E1FAF55C9AE}
		{82CBF9E9-54A4-4475-AEC9-BDF89A0764BB} = {158CC89D-1C1D-42D0-93E9-1E1FAF55C9AE}
		{1E7AF20E-0899-49F7-A08F-3E7525D941EF} = {158CC89D-1C1D-42D0-93E9-1E1FAF55C9AE}
	EndGlobalSection
EndGlobal
